
Microsoft Visual Studio Solution File, Format Version 12.00
# Visual Studio Version 17
VisualStudioVersion = 17.0.31903.59
MinimumVisualStudioVersion = 10.0.40219.1
Project("{2150E333-8FDC-42A3-9474-1A3956D46DE8}") = "src", "src", "{827E0CD3-B72D-47B6-A68D-7590B98EB39B}"
EndProject
Project("{FAE04EC0-301F-11D3-BF4B-00C04F79EFBC}") = "SoftielRemote.Core", "src\SoftielRemote.Core\SoftielRemote.Core.csproj", "{6C3631E0-62F7-4773-8BF4-C7504594A07C}"
EndProject
Project("{FAE04EC0-301F-11D3-BF4B-00C04F79EFBC}") = "SoftielRemote.Backend", "src\SoftielRemote.Backend\SoftielRemote.Backend.csproj", "{5FAE5ADC-EDC0-4EB5-968F-B90D55ACEC36}"
EndProject
Project("{FAE04EC0-301F-11D3-BF4B-00C04F79EFBC}") = "SoftielRemote.Agent", "src\SoftielRemote.Agent\SoftielRemote.Agent.csproj", "{9B85F276-6320-4EAE-9166-BB0B90B9389D}"
EndProject
Project("{FAE04EC0-301F-11D3-BF4B-00C04F79EFBC}") = "SoftielRemote.App", "src\SoftielRemote.App\SoftielRemote.App.csproj", "{62DBE1AF-00C3-451F-A76D-059F4B6F2434}"
EndProject
Global
	GlobalSection(SolutionConfigurationPlatforms) = preSolution
		Debug|Any CPU = Debug|Any CPU
		Debug|x64 = Debug|x64
		Debug|x86 = Debug|x86
		Release|Any CPU = Release|Any CPU
		Release|x64 = Release|x64
		Release|x86 = Release|x86
	EndGlobalSection
	GlobalSection(ProjectConfigurationPlatforms) = postSolution
		{6C3631E0-62F7-4773-8BF4-C7504594A07C}.Debug|Any CPU.ActiveCfg = Debug|Any CPU
		{6C3631E0-62F7-4773-8BF4-C7504594A07C}.Debug|Any CPU.Build.0 = Debug|Any CPU
		{6C3631E0-62F7-4773-8BF4-C7504594A07C}.Debug|x64.ActiveCfg = Debug|Any CPU
		{6C3631E0-62F7-4773-8BF4-C7504594A07C}.Debug|x64.Build.0 = Debug|Any CPU
		{6C3631E0-62F7-4773-8BF4-C7504594A07C}.Debug|x86.ActiveCfg = Debug|Any CPU
		{6C3631E0-62F7-4773-8BF4-C7504594A07C}.Debug|x86.Build.0 = Debug|Any CPU
		{6C3631E0-62F7-4773-8BF4-C7504594A07C}.Release|Any CPU.ActiveCfg = Release|Any CPU
		{6C3631E0-62F7-4773-8BF4-C7504594A07C}.Release|Any CPU.Build.0 = Release|Any CPU
		{6C3631E0-62F7-4773-8BF4-C7504594A07C}.Release|x64.ActiveCfg = Release|Any CPU
		{6C3631E0-62F7-4773-8BF4-C7504594A07C}.Release|x64.Build.0 = Release|Any CPU
		{6C3631E0-62F7-4773-8BF4-C7504594A07C}.Release|x86.ActiveCfg = Release|Any CPU
		{6C3631E0-62F7-4773-8BF4-C7504594A07C}.Release|x86.Build.0 = Release|Any CPU
		{5FAE5ADC-EDC0-4EB5-968F-B90D55ACEC36}.Debug|Any CPU.ActiveCfg = Debug|Any CPU
		{5FAE5ADC-EDC0-4EB5-968F-B90D55ACEC36}.Debug|Any CPU.Build.0 = Debug|Any CPU
		{5FAE5ADC-EDC0-4EB5-968F-B90D55ACEC36}.Debug|x64.ActiveCfg = Debug|Any CPU
		{5FAE5ADC-EDC0-4EB5-968F-B90D55ACEC36}.Debug|x64.Build.0 = Debug|Any CPU
		{5FAE5ADC-EDC0-4EB5-968F-B90D55ACEC36}.Debug|x86.ActiveCfg = Debug|Any CPU
		{5FAE5ADC-EDC0-4EB5-968F-B90D55ACEC36}.Debug|x86.Build.0 = Debug|Any CPU
		{5FAE5ADC-EDC0-4EB5-968F-B90D55ACEC36}.Release|Any CPU.ActiveCfg = Release|Any CPU
		{5FAE5ADC-EDC0-4EB5-968F-B90D55ACEC36}.Release|Any CPU.Build.0 = Release|Any CPU
		{5FAE5ADC-EDC0-4EB5-968F-B90D55ACEC36}.Release|x64.ActiveCfg = Release|Any CPU
		{5FAE5ADC-EDC0-4EB5-968F-B90D55ACEC36}.Release|x64.Build.0 = Release|Any CPU
		{5FAE5ADC-EDC0-4EB5-968F-B90D55ACEC36}.Release|x86.ActiveCfg = Release|Any CPU
		{5FAE5ADC-EDC0-4EB5-968F-B90D55ACEC36}.Release|x86.Build.0 = Release|Any CPU
		{9B85F276-6320-4EAE-9166-BB0B90B9389D}.Debug|Any CPU.ActiveCfg = Debug|Any CPU
		{9B85F276-6320-4EAE-9166-BB0B90B9389D}.Debug|Any CPU.Build.0 = Debug|Any CPU
		{9B85F276-6320-4EAE-9166-BB0B90B9389D}.Debug|x64.ActiveCfg = Debug|Any CPU
		{9B85F276-6320-4EAE-9166-BB0B90B9389D}.Debug|x64.Build.0 = Debug|Any CPU
		{9B85F276-6320-4EAE-9166-BB0B90B9389D}.Debug|x86.ActiveCfg = Debug|Any CPU
		{9B85F276-6320-4EAE-9166-BB0B90B9389D}.Debug|x86.Build.0 = Debug|Any CPU
		{9B85F276-6320-4EAE-9166-BB0B90B9389D}.Release|Any CPU.ActiveCfg = Release|Any CPU
		{9B85F276-6320-4EAE-9166-BB0B90B9389D}.Release|Any CPU.Build.0 = Release|Any CPU
		{9B85F276-6320-4EAE-9166-BB0B90B9389D}.Release|x64.ActiveCfg = Release|Any CPU
		{9B85F276-6320-4EAE-9166-BB0B90B9389D}.Release|x64.Build.0 = Release|Any CPU
		{9B85F276-6320-4EAE-9166-BB0B90B9389D}.Release|x86.ActiveCfg = Release|Any CPU
		{9B85F276-6320-4EAE-9166-BB0B90B9389D}.Release|x86.Build.0 = Release|Any CPU
		{62DBE1AF-00C3-451F-A76D-059F4B6F2434}.Debug|Any CPU.ActiveCfg = Debug|Any CPU
		{62DBE1AF-00C3-451F-A76D-059F4B6F2434}.Debug|Any CPU.Build.0 = Debug|Any CPU
		{62DBE1AF-00C3-451F-A76D-059F4B6F2434}.Debug|x64.ActiveCfg = Debug|Any CPU
		{62DBE1AF-00C3-451F-A76D-059F4B6F2434}.Debug|x64.Build.0 = Debug|Any CPU
		{62DBE1AF-00C3-451F-A76D-059F4B6F2434}.Debug|x86.ActiveCfg = Debug|Any CPU
		{62DBE1AF-00C3-451F-A76D-059F4B6F2434}.Debug|x86.Build.0 = Debug|Any CPU
		{62DBE1AF-00C3-451F-A76D-059F4B6F2434}.Release|Any CPU.ActiveCfg = Release|Any CPU
		{62DBE1AF-00C3-451F-A76D-059F4B6F2434}.Release|Any CPU.Build.0 = Release|Any CPU
		{62DBE1AF-00C3-451F-A76D-059F4B6F2434}.Release|x64.ActiveCfg = Release|Any CPU
		{62DBE1AF-00C3-451F-A76D-059F4B6F2434}.Release|x64.Build.0 = Release|Any CPU
		{62DBE1AF-00C3-451F-A76D-059F4B6F2434}.Release|x86.ActiveCfg = Release|Any CPU
		{62DBE1AF-00C3-451F-A76D-059F4B6F2434}.Release|x86.Build.0 = Release|Any CPU
	EndGlobalSection
	GlobalSection(SolutionProperties) = preSolution
		HideSolutionNode = FALSE
	EndGlobalSection
	GlobalSection(NestedProjects) = preSolution
		{6C3631E0-62F7-4773-8BF4-C7504594A07C} = {827E0CD3-B72D-47B6-A68D-7590B98EB39B}
		{5FAE5ADC-EDC0-4EB5-968F-B90D55ACEC36} = {827E0CD3-B72D-47B6-A68D-7590B98EB39B}
		{9B85F276-6320-4EAE-9166-BB0B90B9389D} = {827E0CD3-B72D-47B6-A68D-7590B98EB39B}
		{62DBE1AF-00C3-451F-A76D-059F4B6F2434} = {827E0CD3-B72D-47B6-A68D-7590B98EB39B}
	EndGlobalSection
EndGlobal
